{
  "name": "fluentfakerjs",
  "version": "1.0.0",
  "lockfileVersion": 1,
  "requires": true,
  "dependencies": {
    "@types/form-data": {
      "version": "2.2.1",
      "resolved":
        "https://registry.npmjs.org/@types/form-data/-/form-data-2.2.1.tgz",
      "integrity":
        "sha512-JAMFhOaHIciYVh8fb5/83nmuO/AHwmto+Hq7a9y8FzLDcC1KCU344XDOMEmahnrTFlHjgh4L0WJFczNIX2GxnQ==",
      "dev": true,
      "requires": {
        "@types/node": "9.6.4"
      }
    },
    "@types/node": {
      "version": "9.6.4",
      "resolved": "https://registry.npmjs.org/@types/node/-/node-9.6.4.tgz",
      "integrity":
        "sha512-Awg4BcUYiZtNKoveGOu654JVPt11V/KIC77iBz8NweyoOAZpz5rUJfPDwwD+ajfTs2HndbTCEB8IuLfX9m/mmw==",
      "dev": true
    }
  }
}
